<?xml version="1.0" encoding="utf-8"?>
<Project ToolsVersion="4.0" xmlns="http://schemas.microsoft.com/developer/msbuild/2003">
  <ItemGroup>
    <Filter Include="lecnet">
      <UniqueIdentifier>{4FC737F1-C7A5-4376-A066-2A32D752A2FF}</UniqueIdentifier>
      <Extensions>cpp;c;cc;cxx;def;odl;idl;hpj;bat;asm;asmx</Extensions>
    </Filter>
    <Filter Include="lecnet\auto_mutex">
      <UniqueIdentifier>{e6cbb51a-c727-4557-a6e9-af3eaac99903}</UniqueIdentifier>
    </Filter>
    <Filter Include="lecnet\tcp">
      <UniqueIdentifier>{d5b801b8-bdcd-49b6-8add-bca296ed2002}</UniqueIdentifier>
    </Filter>
    <Filter Include="lecnet\tcp\server">
      <UniqueIdentifier>{6b130f9e-4d77-461f-a484-1953272ae2f9}</UniqueIdentifier>
    </Filter>
    <Filter Include="lecnet\tcp\client">
      <UniqueIdentifier>{2f65ff18-7e8a-4e18-a3ea-712918e8e386}</UniqueIdentifier>
    </Filter>
    <Filter Include="lecnet\helper_fxns">
      <UniqueIdentifier>{61cac0bb-39c8-4a52-91fd-37e1a00bbde4}</UniqueIdentifier>
    </Filter>
    <Filter Include="lecnet\cert">
      <UniqueIdentifier>{074c69b0-322e-4af8-9645-614d035874f2}</UniqueIdentifier>
    </Filter>
    <Filter Include="lecnet\cert\openssl_helper">
      <UniqueIdentifier>{582fbaa4-1469-47a4-9067-6fb0ef04ef97}</UniqueIdentifier>
    </Filter>
    <Filter Include="lecnet\udp">
      <UniqueIdentifier>{a052da21-6424-4136-a578-acb4924865de}</UniqueIdentifier>
    </Filter>
    <Filter Include="lecnet\udp\multicast">
      <UniqueIdentifier>{ef887687-c5b2-4773-aa71-cf9b9c6a7077}</UniqueIdentifier>
    </Filter>
    <Filter Include="lecnet\udp\broadcast">
      <UniqueIdentifier>{816a3619-d5e4-47ee-9d5d-ad432d94bf7a}</UniqueIdentifier>
    </Filter>
  </ItemGroup>
  <ItemGroup>
    <ClCompile Include="auto_mutex\auto_mutex.cpp">
      <Filter>lecnet\auto_mutex</Filter>
    </ClCompile>
    <ClCompile Include="tcp\tcp.cpp">
      <Filter>lecnet\tcp</Filter>
    </ClCompile>
    <ClCompile Include="tcp\client\tcp_client.cpp">
      <Filter>lecnet\tcp\client</Filter>
    </ClCompile>
    <ClCompile Include="tcp\server\server_log.cpp">
      <Filter>lecnet\tcp\server</Filter>
    </ClCompile>
    <ClCompile Include="tcp\server\tcp_server_async.cpp">
      <Filter>lecnet\tcp\server</Filter>
    </ClCompile>
    <ClCompile Include="tcp\server\tcp_server_async_ssl.cpp">
      <Filter>lecnet\tcp\server</Filter>
    </ClCompile>
    <ClCompile Include="udp\broadcast\udp_broadcast_receiver.cpp">
      <Filter>lecnet\udp\broadcast</Filter>
    </ClCompile>
    <ClCompile Include="udp\broadcast\udp_broadcast_sender.cpp">
      <Filter>lecnet\udp\broadcast</Filter>
    </ClCompile>
    <ClCompile Include="udp\multicast\udp_multicast_receiver.cpp">
      <Filter>lecnet\udp\multicast</Filter>
    </ClCompile>
    <ClCompile Include="udp\multicast\udp_multicast_sender.cpp">
      <Filter>lecnet\udp\multicast</Filter>
    </ClCompile>
    <ClCompile Include="cert\gen_rsa_and_cert.cpp">
      <Filter>lecnet\cert</Filter>
    </ClCompile>
    <ClCompile Include="cert\gen_rsa_and_csr.cpp">
      <Filter>lecnet\cert</Filter>
    </ClCompile>
    <ClCompile Include="cert\sign_csr.cpp">
      <Filter>lecnet\cert</Filter>
    </ClCompile>
    <ClCompile Include="cert\openssl_helper\openssl_helper.cpp">
      <Filter>lecnet\cert\openssl_helper</Filter>
    </ClCompile>
    <ClCompile Include="helper_fxns\helper_fxns.cpp">
      <Filter>lecnet\helper_fxns</Filter>
    </ClCompile>
    <ClCompile Include="lecnet.cpp" />
  </ItemGroup>
  <ItemGroup>
    <ClInclude Include="auto_mutex\auto_mutex.h">
      <Filter>lecnet\auto_mutex</Filter>
    </ClInclude>
    <ClInclude Include="tcp\server\server_log.h">
      <Filter>lecnet\tcp\server</Filter>
    </ClInclude>
    <ClInclude Include="cert\openssl_helper\openssl_helper.h">
      <Filter>lecnet\cert\openssl_helper</Filter>
    </ClInclude>
    <ClInclude Include="helper_fxns\helper_fxns.h">
      <Filter>lecnet\helper_fxns</Filter>
    </ClInclude>
    <ClInclude Include="lecnet.h" />
    <ClInclude Include="versioninfo.h">
      <Filter>lecnet</Filter>
    </ClInclude>
    <ClInclude Include="cert.h">
      <Filter>lecnet</Filter>
    </ClInclude>
    <ClInclude Include="tcp.h">
      <Filter>lecnet</Filter>
    </ClInclude>
    <ClInclude Include="udp.h">
      <Filter>lecnet</Filter>
    </ClInclude>
  </ItemGroup>
  <ItemGroup>
    <Text Include="LICENSE.txt" />
  </ItemGroup>
  <ItemGroup>
    <ResourceCompile Include="versioninfo.rc">
      <Filter>lecnet</Filter>
    </ResourceCompile>
  </ItemGroup>
  <ItemGroup>
    <None Include="README.md" />
  </ItemGroup>
</Project>