
Microsoft Visual Studio Solution File, Format Version 12.00
# Visual Studio Version 16
VisualStudioVersion = 16.0.29806.167
MinimumVisualStudioVersion = 10.0.40219.1
Project("{8BC9CEB8-8B4A-11D0-8D11-00A0C91BC942}") = "lecnet", "lecnet.vcxproj", "{25705CE5-3E16-4069-97E9-D5FA64F7FC18}"
EndProject
Global
	GlobalSection(SolutionConfigurationPlatforms) = preSolution
		Debug|x64 = Debug|x64
		Debug|x86 = Debug|x86
		Release|x64 = Release|x64
		Release|x86 = Release|x86
	EndGlobalSection
	GlobalSection(ProjectConfigurationPlatforms) = postSolution
		{25705CE5-3E16-4069-97E9-D5FA64F7FC18}.Debug|x64.ActiveCfg = Debug|x64
		{25705CE5-3E16-4069-97E9-D5FA64F7FC18}.Debug|x64.Build.0 = Debug|x64
		{25705CE5-3E16-4069-97E9-D5FA64F7FC18}.Debug|x86.ActiveCfg = Debug|Win32
		{25705CE5-3E16-4069-97E9-D5FA64F7FC18}.Debug|x86.Build.0 = Debug|Win32
		{25705CE5-3E16-4069-97E9-D5FA64F7FC18}.Release|x64.ActiveCfg = Release|x64
		{25705CE5-3E16-4069-97E9-D5FA64F7FC18}.Release|x64.Build.0 = Release|x64
		{25705CE5-3E16-4069-97E9-D5FA64F7FC18}.Release|x86.ActiveCfg = Release|Win32
		{25705CE5-3E16-4069-97E9-D5FA64F7FC18}.Release|x86.Build.0 = Release|Win32
	EndGlobalSection
	GlobalSection(SolutionProperties) = preSolution
		HideSolutionNode = FALSE
	EndGlobalSection
	GlobalSection(ExtensibilityGlobals) = postSolution
		VisualSVNWorkingCopyRoot = .
		SolutionGuid = {038C9BB3-228F-41FA-9F51-F7051DB8F6CA}
	EndGlobalSection
EndGlobal
